
Microsoft Visual Studio Solution File, Format Version 12.00
# Visual Studio Version 17
VisualStudioVersion = 17.1.32421.90
MinimumVisualStudioVersion = 10.0.40219.1
Project("{FAE04EC0-301F-11D3-BF4B-00C04F79EFBC}") = "WpfDemoKeyControl", "WpfDemoKeyControl\WpfDemoKeyControl.csproj", "{83553FFA-E368-43F4-B210-6997DF0E26BA}"
EndProject
Global
	GlobalSection(SolutionConfigurationPlatforms) = preSolution
		Debug|Any CPU = Debug|Any CPU
		Release|Any CPU = Release|Any CPU
	EndGlobalSection
	GlobalSection(ProjectConfigurationPlatforms) = postSolution
		{83553FFA-E368-43F4-B210-6997DF0E26BA}.Debug|Any CPU.ActiveCfg = Debug|Any CPU
		{83553FFA-E368-43F4-B210-6997DF0E26BA}.Debug|Any CPU.Build.0 = Debug|Any CPU
		{83553FFA-E368-43F4-B210-6997DF0E26BA}.Release|Any CPU.ActiveCfg = Release|Any CPU
		{83553FFA-E368-43F4-B210-6997DF0E26BA}.Release|Any CPU.Build.0 = Release|Any CPU
	EndGlobalSection
	GlobalSection(SolutionProperties) = preSolution
		HideSolutionNode = FALSE
	EndGlobalSection
	GlobalSection(ExtensibilityGlobals) = postSolution
		SolutionGuid = {CBA017FA-2358-400B-A1C5-B5BBB12D44F9}
	EndGlobalSection
EndGlobal
